// !$*UTF8*$!
{
	archiveVersion = 1;
	classes = {
	};
	objectVersion = 46;
	objects = {

/* Begin PBXBuildFile section */
		6C22FD041B711DB800D0A943 /* AppDelegate.swift in Sources */ = {isa = PBXBuildFile; fileRef = 6C22FD031B711DB800D0A943 /* AppDelegate.swift */; };
		6C22FD061B711DB800D0A943 /* ViewController.swift in Sources */ = {isa = PBXBuildFile; fileRef = 6C22FD051B711DB800D0A943 /* ViewController.swift */; };
		6C22FD091B711DB900D0A943 /* Main.storyboard in Resources */ = {isa = PBXBuildFile; fileRef = 6C22FD071B711DB900D0A943 /* Main.storyboard */; };
		6C22FD0B1B711DB900D0A943 /* Images.xcassets in Resources */ = {isa = PBXBuildFile; fileRef = 6C22FD0A1B711DB900D0A943 /* Images.xcassets */; };
		6C22FD0E1B711DB900D0A943 /* LaunchScreen.xib in Resources */ = {isa = PBXBuildFile; fileRef = 6C22FD0C1B711DB900D0A943 /* LaunchScreen.xib */; };
		6C22FD1A1B711DB900D0A943 /* sead40_hw1Tests.swift in Sources */ = {isa = PBXBuildFile; fileRef = 6C22FD191B711DB900D0A943 /* sead40_hw1Tests.swift */; };
		6C22FD271B71202C00D0A943 /* Tweet.swift in Sources */ = {isa = PBXBuildFile; fileRef = 6C22FD261B71202C00D0A943 /* Tweet.swift */; };
		6C22FD291B71269B00D0A943 /* TweetJSONParser.swift in Sources */ = {isa = PBXBuildFile; fileRef = 6C22FD281B71269B00D0A943 /* TweetJSONParser.swift */; };
		6C22FD2B1B712B0F00D0A943 /* tweet.json in Resources */ = {isa = PBXBuildFile; fileRef = 6C22FD2A1B712B0F00D0A943 /* tweet.json */; };
		6C22FD2D1B725E4300D0A943 /* TwitterService.swift in Sources */ = {isa = PBXBuildFile; fileRef = 6C22FD2C1B725E4300D0A943 /* TwitterService.swift */; };
		6C22FD2F1B726B3300D0A943 /* LoginService.swift in Sources */ = {isa = PBXBuildFile; fileRef = 6C22FD2E1B726B3300D0A943 /* LoginService.swift */; };
		6C22FD331B730AC300D0A943 /* TweetCell.swift in Sources */ = {isa = PBXBuildFile; fileRef = 6C22FD321B730AC300D0A943 /* TweetCell.swift */; };
		6C22FD371B73BA3A00D0A943 /* DetailViewController.swift in Sources */ = {isa = PBXBuildFile; fileRef = 6C22FD361B73BA3A00D0A943 /* DetailViewController.swift */; };
		6C22FD391B73E36100D0A943 /* DetailCell.swift in Sources */ = {isa = PBXBuildFile; fileRef = 6C22FD381B73E36100D0A943 /* DetailCell.swift */; };
		6C39BCF01B74951D00F07E7B /* ImageSizer.swift in Sources */ = {isa = PBXBuildFile; fileRef = 6C39BCEF1B74951D00F07E7B /* ImageSizer.swift */; };
		6CDD5A0D1B753DE5009081B9 /* TweetCellTemplate.xib in Resources */ = {isa = PBXBuildFile; fileRef = 6CDD5A0C1B753DE5009081B9 /* TweetCellTemplate.xib */; };
/* End PBXBuildFile section */

/* Begin PBXContainerItemProxy section */
		6C22FD141B711DB900D0A943 /* PBXContainerItemProxy */ = {
			isa = PBXContainerItemProxy;
			containerPortal = 6C22FCF61B711DB800D0A943 /* Project object */;
			proxyType = 1;
			remoteGlobalIDString = 6C22FCFD1B711DB800D0A943;
			remoteInfo = sead40_hw1;
		};
/* End PBXContainerItemProxy section */

/* Begin PBXFileReference section */
		6C22FCFE1B711DB800D0A943 /* sead40_hw1.app */ = {isa = PBXFileReference; explicitFileType = wrapper.application; includeInIndex = 0; path = sead40_hw1.app; sourceTree = BUILT_PRODUCTS_DIR; };
		6C22FD021B711DB800D0A943 /* Info.plist */ = {isa = PBXFileReference; lastKnownFileType = text.plist.xml; path = Info.plist; sourceTree = "<group>"; };
		6C22FD031B711DB800D0A943 /* AppDelegate.swift */ = {isa = PBXFileReference; lastKnownFileType = sourcecode.swift; path = AppDelegate.swift; sourceTree = "<group>"; };
		6C22FD051B711DB800D0A943 /* ViewController.swift */ = {isa = PBXFileReference; lastKnownFileType = sourcecode.swift; path = ViewController.swift; sourceTree = "<group>"; };
		6C22FD081B711DB900D0A943 /* Base */ = {isa = PBXFileReference; lastKnownFileType = file.storyboard; name = Base; path = Base.lproj/Main.storyboard; sourceTree = "<group>"; };
		6C22FD0A1B711DB900D0A943 /* Images.xcassets */ = {isa = PBXFileReference; lastKnownFileType = folder.assetcatalog; path = Images.xcassets; sourceTree = "<group>"; };
		6C22FD0D1B711DB900D0A943 /* Base */ = {isa = PBXFileReference; lastKnownFileType = file.xib; name = Base; path = Base.lproj/LaunchScreen.xib; sourceTree = "<group>"; };
		6C22FD131B711DB900D0A943 /* sead40_hw1Tests.xctest */ = {isa = PBXFileReference; explicitFileType = wrapper.cfbundle; includeInIndex = 0; path = sead40_hw1Tests.xctest; sourceTree = BUILT_PRODUCTS_DIR; };
		6C22FD181B711DB900D0A943 /* Info.plist */ = {isa = PBXFileReference; lastKnownFileType = text.plist.xml; path = Info.plist; sourceTree = "<group>"; };
		6C22FD191B711DB900D0A943 /* sead40_hw1Tests.swift */ = {isa = PBXFileReference; lastKnownFileType = sourcecode.swift; path = sead40_hw1Tests.swift; sourceTree = "<group>"; };
		6C22FD261B71202C00D0A943 /* Tweet.swift */ = {isa = PBXFileReference; fileEncoding = 4; lastKnownFileType = sourcecode.swift; path = Tweet.swift; sourceTree = "<group>"; };
		6C22FD281B71269B00D0A943 /* TweetJSONParser.swift */ = {isa = PBXFileReference; fileEncoding = 4; lastKnownFileType = sourcecode.swift; path = TweetJSONParser.swift; sourceTree = "<group>"; };
		6C22FD2A1B712B0F00D0A943 /* tweet.json */ = {isa = PBXFileReference; fileEncoding = 4; lastKnownFileType = text.json; path = tweet.json; sourceTree = "<group>"; };
		6C22FD2C1B725E4300D0A943 /* TwitterService.swift */ = {isa = PBXFileReference; fileEncoding = 4; lastKnownFileType = sourcecode.swift; path = TwitterService.swift; sourceTree = "<group>"; };
		6C22FD2E1B726B3300D0A943 /* LoginService.swift */ = {isa = PBXFileReference; fileEncoding = 4; lastKnownFileType = sourcecode.swift; path = LoginService.swift; sourceTree = "<group>"; };
		6C22FD321B730AC300D0A943 /* TweetCell.swift */ = {isa = PBXFileReference; fileEncoding = 4; lastKnownFileType = sourcecode.swift; path = TweetCell.swift; sourceTree = "<group>"; };
		6C22FD361B73BA3A00D0A943 /* DetailViewController.swift */ = {isa = PBXFileReference; fileEncoding = 4; lastKnownFileType = sourcecode.swift; path = DetailViewController.swift; sourceTree = "<group>"; };
		6C22FD381B73E36100D0A943 /* DetailCell.swift */ = {isa = PBXFileReference; fileEncoding = 4; lastKnownFileType = sourcecode.swift; path = DetailCell.swift; sourceTree = "<group>"; };
		6C39BCEF1B74951D00F07E7B /* ImageSizer.swift */ = {isa = PBXFileReference; fileEncoding = 4; lastKnownFileType = sourcecode.swift; path = ImageSizer.swift; sourceTree = "<group>"; };
		6CDD5A0C1B753DE5009081B9 /* TweetCellTemplate.xib */ = {isa = PBXFileReference; fileEncoding = 4; lastKnownFileType = file.xib; path = TweetCellTemplate.xib; sourceTree = "<group>"; };
/* End PBXFileReference section */

/* Begin PBXFrameworksBuildPhase section */
		6C22FCFB1B711DB800D0A943 /* Frameworks */ = {
			isa = PBXFrameworksBuildPhase;
			buildActionMask = 2147483647;
			files = (
			);
			runOnlyForDeploymentPostprocessing = 0;
		};
		6C22FD101B711DB900D0A943 /* Frameworks */ = {
			isa = PBXFrameworksBuildPhase;
			buildActionMask = 2147483647;
			files = (
			);
			runOnlyForDeploymentPostprocessing = 0;
		};
/* End PBXFrameworksBuildPhase section */

/* Begin PBXGroup section */
		6C22FCF51B711DB800D0A943 = {
			isa = PBXGroup;
			children = (
				6C22FD001B711DB800D0A943 /* sead40_hw1 */,
				6C22FD161B711DB900D0A943 /* sead40_hw1Tests */,
				6C22FCFF1B711DB800D0A943 /* Products */,
			);
			sourceTree = "<group>";
		};
		6C22FCFF1B711DB800D0A943 /* Products */ = {
			isa = PBXGroup;
			children = (
				6C22FCFE1B711DB800D0A943 /* sead40_hw1.app */,
				6C22FD131B711DB900D0A943 /* sead40_hw1Tests.xctest */,
			);
			name = Products;
			sourceTree = "<group>";
		};
		6C22FD001B711DB800D0A943 /* sead40_hw1 */ = {
			isa = PBXGroup;
			children = (
				6C22FD031B711DB800D0A943 /* AppDelegate.swift */,
				6C22FD231B711EAB00D0A943 /* Model */,
				6C22FD241B711EB300D0A943 /* View */,
				6C22FD251B711EB900D0A943 /* Controller */,
				6C22FD0A1B711DB900D0A943 /* Images.xcassets */,
				6C22FD011B711DB800D0A943 /* Supporting Files */,
			);
			path = sead40_hw1;
			sourceTree = "<group>";
		};
		6C22FD011B711DB800D0A943 /* Supporting Files */ = {
			isa = PBXGroup;
			children = (
				6C22FD2A1B712B0F00D0A943 /* tweet.json */,
				6C22FD021B711DB800D0A943 /* Info.plist */,
			);
			name = "Supporting Files";
			sourceTree = "<group>";
		};
		6C22FD161B711DB900D0A943 /* sead40_hw1Tests */ = {
			isa = PBXGroup;
			children = (
				6C22FD191B711DB900D0A943 /* sead40_hw1Tests.swift */,
				6C22FD171B711DB900D0A943 /* Supporting Files */,
			);
			path = sead40_hw1Tests;
			sourceTree = "<group>";
		};
		6C22FD171B711DB900D0A943 /* Supporting Files */ = {
			isa = PBXGroup;
			children = (
				6C22FD181B711DB900D0A943 /* Info.plist */,
			);
			name = "Supporting Files";
			sourceTree = "<group>";
		};
		6C22FD231B711EAB00D0A943 /* Model */ = {
			isa = PBXGroup;
			children = (
				6C22FD261B71202C00D0A943 /* Tweet.swift */,
				6C22FD321B730AC300D0A943 /* TweetCell.swift */,
				6C22FD381B73E36100D0A943 /* DetailCell.swift */,
			);
			name = Model;
			sourceTree = "<group>";
		};
		6C22FD241B711EB300D0A943 /* View */ = {
			isa = PBXGroup;
			children = (
				6C22FD071B711DB900D0A943 /* Main.storyboard */,
				6C22FD0C1B711DB900D0A943 /* LaunchScreen.xib */,
			);
			name = View;
			sourceTree = "<group>";
		};
		6C22FD251B711EB900D0A943 /* Controller */ = {
			isa = PBXGroup;
			children = (
				6C22FD051B711DB800D0A943 /* ViewController.swift */,
				6C22FD2C1B725E4300D0A943 /* TwitterService.swift */,
				6C22FD281B71269B00D0A943 /* TweetJSONParser.swift */,
				6C22FD2E1B726B3300D0A943 /* LoginService.swift */,
				6C22FD361B73BA3A00D0A943 /* DetailViewController.swift */,
				6C39BCEF1B74951D00F07E7B /* ImageSizer.swift */,
				6CDD5A0C1B753DE5009081B9 /* TweetCellTemplate.xib */,
			);
			name = Controller;
			sourceTree = "<group>";
		};
/* End PBXGroup section */

/* Begin PBXNativeTarget section */
		6C22FCFD1B711DB800D0A943 /* sead40_hw1 */ = {
			isa = PBXNativeTarget;
			buildConfigurationList = 6C22FD1D1B711DB900D0A943 /* Build configuration list for PBXNativeTarget "sead40_hw1" */;
			buildPhases = (
				6C22FCFA1B711DB800D0A943 /* Sources */,
				6C22FCFB1B711DB800D0A943 /* Frameworks */,
				6C22FCFC1B711DB800D0A943 /* Resources */,
			);
			buildRules = (
			);
			dependencies = (
			);
			name = sead40_hw1;
			productName = sead40_hw1;
			productReference = 6C22FCFE1B711DB800D0A943 /* sead40_hw1.app */;
			productType = "com.apple.product-type.application";
		};
		6C22FD121B711DB900D0A943 /* sead40_hw1Tests */ = {
			isa = PBXNativeTarget;
			buildConfigurationList = 6C22FD201B711DB900D0A943 /* Build configuration list for PBXNativeTarget "sead40_hw1Tests" */;
			buildPhases = (
				6C22FD0F1B711DB900D0A943 /* Sources */,
				6C22FD101B711DB900D0A943 /* Frameworks */,
				6C22FD111B711DB900D0A943 /* Resources */,
			);
			buildRules = (
			);
			dependencies = (
				6C22FD151B711DB900D0A943 /* PBXTargetDependency */,
			);
			name = sead40_hw1Tests;
			productName = sead40_hw1Tests;
			productReference = 6C22FD131B711DB900D0A943 /* sead40_hw1Tests.xctest */;
			productType = "com.apple.product-type.bundle.unit-test";
		};
/* End PBXNativeTarget section */

/* Begin PBXProject section */
		6C22FCF61B711DB800D0A943 /* Project object */ = {
			isa = PBXProject;
			attributes = {
				LastUpgradeCheck = 0640;
				ORGANIZATIONNAME = jalvestech;
				TargetAttributes = {
					6C22FCFD1B711DB800D0A943 = {
						CreatedOnToolsVersion = 6.4;
					};
					6C22FD121B711DB900D0A943 = {
						CreatedOnToolsVersion = 6.4;
						TestTargetID = 6C22FCFD1B711DB800D0A943;
					};
				};
			};
			buildConfigurationList = 6C22FCF91B711DB800D0A943 /* Build configuration list for PBXProject "sead40_hw1" */;
			compatibilityVersion = "Xcode 3.2";
			developmentRegion = English;
			hasScannedForEncodings = 0;
			knownRegions = (
				en,
				Base,
			);
			mainGroup = 6C22FCF51B711DB800D0A943;
			productRefGroup = 6C22FCFF1B711DB800D0A943 /* Products */;
			projectDirPath = "";
			projectRoot = "";
			targets = (
				6C22FCFD1B711DB800D0A943 /* sead40_hw1 */,
				6C22FD121B711DB900D0A943 /* sead40_hw1Tests */,
			);
		};
/* End PBXProject section */

/* Begin PBXResourcesBuildPhase section */
		6C22FCFC1B711DB800D0A943 /* Resources */ = {
			isa = PBXResourcesBuildPhase;
			buildActionMask = 2147483647;
			files = (
				6C22FD091B711DB900D0A943 /* Main.storyboard in Resources */,
				6C22FD0E1B711DB900D0A943 /* LaunchScreen.xib in Resources */,
				6C22FD0B1B711DB900D0A943 /* Images.xcassets in Resources */,
				6CDD5A0D1B753DE5009081B9 /* TweetCellTemplate.xib in Resources */,
				6C22FD2B1B712B0F00D0A943 /* tweet.json in Resources */,
			);
			runOnlyForDeploymentPostprocessing = 0;
		};
		6C22FD111B711DB900D0A943 /* Resources */ = {
			isa = PBXResourcesBuildPhase;
			buildActionMask = 2147483647;
			files = (
			);
			runOnlyForDeploymentPostprocessing = 0;
		};
/* End PBXResourcesBuildPhase section */

/* Begin PBXSourcesBuildPhase section */
		6C22FCFA1B711DB800D0A943 /* Sources */ = {
			isa = PBXSourcesBuildPhase;
			buildActionMask = 2147483647;
			files = (
				6C22FD291B71269B00D0A943 /* TweetJSONParser.swift in Sources */,
				6C22FD331B730AC300D0A943 /* TweetCell.swift in Sources */,
				6C22FD391B73E36100D0A943 /* DetailCell.swift in Sources */,
				6C39BCF01B74951D00F07E7B /* ImageSizer.swift in Sources */,
				6C22FD2F1B726B3300D0A943 /* LoginService.swift in Sources */,
				6C22FD271B71202C00D0A943 /* Tweet.swift in Sources */,
				6C22FD2D1B725E4300D0A943 /* TwitterService.swift in Sources */,
				6C22FD061B711DB800D0A943 /* ViewController.swift in Sources */,
				6C22FD041B711DB800D0A943 /* AppDelegate.swift in Sources */,
				6C22FD371B73BA3A00D0A943 /* DetailViewController.swift in Sources */,
			);
			runOnlyForDeploymentPostprocessing = 0;
		};
		6C22FD0F1B711DB900D0A943 /* Sources */ = {
			isa = PBXSourcesBuildPhase;
			buildActionMask = 2147483647;
			files = (
				6C22FD1A1B711DB900D0A943 /* sead40_hw1Tests.swift in Sources */,
			);
			runOnlyForDeploymentPostprocessing = 0;
		};
/* End PBXSourcesBuildPhase section */

/* Begin PBXTargetDependency section */
		6C22FD151B711DB900D0A943 /* PBXTargetDependency */ = {
			isa = PBXTargetDependency;
			target = 6C22FCFD1B711DB800D0A943 /* sead40_hw1 */;
			targetProxy = 6C22FD141B711DB900D0A943 /* PBXContainerItemProxy */;
		};
/* End PBXTargetDependency section */

/* Begin PBXVariantGroup section */
		6C22FD071B711DB900D0A943 /* Main.storyboard */ = {
			isa = PBXVariantGroup;
			children = (
				6C22FD081B711DB900D0A943 /* Base */,
			);
			name = Main.storyboard;
			sourceTree = "<group>";
		};
		6C22FD0C1B711DB900D0A943 /* LaunchScreen.xib */ = {
			isa = PBXVariantGroup;
			children = (
				6C22FD0D1B711DB900D0A943 /* Base */,
			);
			name = LaunchScreen.xib;
			sourceTree = "<group>";
		};
/* End PBXVariantGroup section */

/* Begin XCBuildConfiguration section */
		6C22FD1B1B711DB900D0A943 /* Debug */ = {
			isa = XCBuildConfiguration;
			buildSettings = {
				ALWAYS_SEARCH_USER_PATHS = NO;
				CLANG_CXX_LANGUAGE_STANDARD = "gnu++0x";
				CLANG_CXX_LIBRARY = "libc++";
				CLANG_ENABLE_MODULES = YES;
				CLANG_ENABLE_OBJC_ARC = YES;
				CLANG_WARN_BOOL_CONVERSION = YES;
				CLANG_WARN_CONSTANT_CONVERSION = YES;
				CLANG_WARN_DIRECT_OBJC_ISA_USAGE = YES_ERROR;
				CLANG_WARN_EMPTY_BODY = YES;
				CLANG_WARN_ENUM_CONVERSION = YES;
				CLANG_WARN_INT_CONVERSION = YES;
				CLANG_WARN_OBJC_ROOT_CLASS = YES_ERROR;
				CLANG_WARN_UNREACHABLE_CODE = YES;
				CLANG_WARN__DUPLICATE_METHOD_MATCH = YES;
				"CODE_SIGN_IDENTITY[sdk=iphoneos*]" = "iPhone Developer";
				COPY_PHASE_STRIP = NO;
				DEBUG_INFORMATION_FORMAT = "dwarf-with-dsym";
				ENABLE_STRICT_OBJC_MSGSEND = YES;
				GCC_C_LANGUAGE_STANDARD = gnu99;
				GCC_DYNAMIC_NO_PIC = NO;
				GCC_NO_COMMON_BLOCKS = YES;
				GCC_OPTIMIZATION_LEVEL = 0;
				GCC_PREPROCESSOR_DEFINITIONS = (
					"DEBUG=1",
					"$(inherited)",
				);
				GCC_SYMBOLS_PRIVATE_EXTERN = NO;
				GCC_WARN_64_TO_32_BIT_CONVERSION = YES;
				GCC_WARN_ABOUT_RETURN_TYPE = YES_ERROR;
				GCC_WARN_UNDECLARED_SELECTOR = YES;
				GCC_WARN_UNINITIALIZED_AUTOS = YES_AGGRESSIVE;
				GCC_WARN_UNUSED_FUNCTION = YES;
				GCC_WARN_UNUSED_VARIABLE = YES;
				IPHONEOS_DEPLOYMENT_TARGET = 8.4;
				MTL_ENABLE_DEBUG_INFO = YES;
				ONLY_ACTIVE_ARCH = YES;
				SDKROOT = iphoneos;
				SWIFT_OPTIMIZATION_LEVEL = "-Onone";
			};
			name = Debug;
		};
		6C22FD1C1B711DB900D0A943 /* Release */ = {
			isa = XCBuildConfiguration;
			buildSettings = {
				ALWAYS_SEARCH_USER_PATHS = NO;
				CLANG_CXX_LANGUAGE_STANDARD = "gnu++0x";
				CLANG_CXX_LIBRARY = "libc++";
				CLANG_ENABLE_MODULES = YES;
				CLANG_ENABLE_OBJC_ARC = YES;
				CLANG_WARN_BOOL_CONVERSION = YES;
				CLANG_WARN_CONSTANT_CONVERSION = YES;
				CLANG_WARN_DIRECT_OBJC_ISA_USAGE = YES_ERROR;
				CLANG_WARN_EMPTY_BODY = YES;
				CLANG_WARN_ENUM_CONVERSION = YES;
				CLANG_WARN_INT_CONVERSION = YES;
				CLANG_WARN_OBJC_ROOT_CLASS = YES_ERROR;
				CLANG_WARN_UNREACHABLE_CODE = YES;
				CLANG_WARN__DUPLICATE_METHOD_MATCH = YES;
				"CODE_SIGN_IDENTITY[sdk=iphoneos*]" = "iPhone Developer";
				COPY_PHASE_STRIP = NO;
				DEBUG_INFORMATION_FORMAT = "dwarf-with-dsym";
				ENABLE_NS_ASSERTIONS = NO;
				ENABLE_STRICT_OBJC_MSGSEND = YES;
				GCC_C_LANGUAGE_STANDARD = gnu99;
				GCC_NO_COMMON_BLOCKS = YES;
				GCC_WARN_64_TO_32_BIT_CONVERSION = YES;
				GCC_WARN_ABOUT_RETURN_TYPE = YES_ERROR;
				GCC_WARN_UNDECLARED_SELECTOR = YES;
				GCC_WARN_UNINITIALIZED_AUTOS = YES_AGGRESSIVE;
				GCC_WARN_UNUSED_FUNCTION = YES;
				GCC_WARN_UNUSED_VARIABLE = YES;
				IPHONEOS_DEPLOYMENT_TARGET = 8.4;
				MTL_ENABLE_DEBUG_INFO = NO;
				SDKROOT = iphoneos;
				VALIDATE_PRODUCT = YES;
			};
			name = Release;
		};
		6C22FD1E1B711DB900D0A943 /* Debug */ = {
			isa = XCBuildConfiguration;
			buildSettings = {
				ASSETCATALOG_COMPILER_APPICON_NAME = AppIcon;
				INFOPLIST_FILE = sead40_hw1/Info.plist;
				LD_RUNPATH_SEARCH_PATHS = "$(inherited) @executable_path/Frameworks";
				PRODUCT_NAME = "$(TARGET_NAME)";
			};
			name = Debug;
		};
		6C22FD1F1B711DB900D0A943 /* Release */ = {
			isa = XCBuildConfiguration;
			buildSettings = {
				ASSETCATALOG_COMPILER_APPICON_NAME = AppIcon;
				INFOPLIST_FILE = sead40_hw1/Info.plist;
				LD_RUNPATH_SEARCH_PATHS = "$(inherited) @executable_path/Frameworks";
				PRODUCT_NAME = "$(TARGET_NAME)";
			};
			name = Release;
		};
		6C22FD211B711DB900D0A943 /* Debug */ = {
			isa = XCBuildConfiguration;
			buildSettings = {
				BUNDLE_LOADER = "$(TEST_HOST)";
				FRAMEWORK_SEARCH_PATHS = (
					"$(SDKROOT)/Developer/Library/Frameworks",
					"$(inherited)",
				);
				GCC_PREPROCESSOR_DEFINITIONS = (
					"DEBUG=1",
					"$(inherited)",
				);
				INFOPLIST_FILE = sead40_hw1Tests/Info.plist;
				LD_RUNPATH_SEARCH_PATHS = "$(inherited) @executable_path/Frameworks @loader_path/Frameworks";
				PRODUCT_NAME = "$(TARGET_NAME)";
				TEST_HOST = "$(BUILT_PRODUCTS_DIR)/sead40_hw1.app/sead40_hw1";
			};
			name = Debug;
		};
		6C22FD221B711DB900D0A943 /* Release */ = {
			isa = XCBuildConfiguration;
			buildSettings = {
				BUNDLE_LOADER = "$(TEST_HOST)";
				FRAMEWORK_SEARCH_PATHS = (
					"$(SDKROOT)/Developer/Library/Frameworks",
					"$(inherited)",
				);
				INFOPLIST_FILE = sead40_hw1Tests/Info.plist;
				LD_RUNPATH_SEARCH_PATHS = "$(inherited) @executable_path/Frameworks @loader_path/Frameworks";
				PRODUCT_NAME = "$(TARGET_NAME)";
				TEST_HOST = "$(BUILT_PRODUCTS_DIR)/sead40_hw1.app/sead40_hw1";
			};
			name = Release;
		};
/* End XCBuildConfiguration section */

/* Begin XCConfigurationList section */
		6C22FCF91B711DB800D0A943 /* Build configuration list for PBXProject "sead40_hw1" */ = {
			isa = XCConfigurationList;
			buildConfigurations = (
				6C22FD1B1B711DB900D0A943 /* Debug */,
				6C22FD1C1B711DB900D0A943 /* Release */,
			);
			defaultConfigurationIsVisible = 0;
			defaultConfigurationName = Release;
		};
		6C22FD1D1B711DB900D0A943 /* Build configuration list for PBXNativeTarget "sead40_hw1" */ = {
			isa = XCConfigurationList;
			buildConfigurations = (
				6C22FD1E1B711DB900D0A943 /* Debug */,
				6C22FD1F1B711DB900D0A943 /* Release */,
			);
			defaultConfigurationIsVisible = 0;
			defaultConfigurationName = Release;
		};
		6C22FD201B711DB900D0A943 /* Build configuration list for PBXNativeTarget "sead40_hw1Tests" */ = {
			isa = XCConfigurationList;
			buildConfigurations = (
				6C22FD211B711DB900D0A943 /* Debug */,
				6C22FD221B711DB900D0A943 /* Release */,
			);
			defaultConfigurationIsVisible = 0;
			defaultConfigurationName = Release;
		};
/* End XCConfigurationList section */
	};
	rootObject = 6C22FCF61B711DB800D0A943 /* Project object */;
}
